
Microsoft Visual Studio Solution File, Format Version 12.00
# Visual Studio Version 17
VisualStudioVersion = 17.1.32319.34
MinimumVisualStudioVersion = 10.0.40219.1
Project("{FAE04EC0-301F-11D3-BF4B-00C04F79EFBC}") = "odev1", "odev1\odev1.csproj", "{15263FF0-484A-4A17-AA26-01C80547075E}"
EndProject
Global
	GlobalSection(SolutionConfigurationPlatforms) = preSolution
		Debug|Any CPU = Debug|Any CPU
		Release|Any CPU = Release|Any CPU
	EndGlobalSection
	GlobalSection(ProjectConfigurationPlatforms) = postSolution
		{15263FF0-484A-4A17-AA26-01C80547075E}.Debug|Any CPU.ActiveCfg = Debug|Any CPU
		{15263FF0-484A-4A17-AA26-01C80547075E}.Debug|Any CPU.Build.0 = Debug|Any CPU
		{15263FF0-484A-4A17-AA26-01C80547075E}.Release|Any CPU.ActiveCfg = Release|Any CPU
		{15263FF0-484A-4A17-AA26-01C80547075E}.Release|Any CPU.Build.0 = Release|Any CPU
	EndGlobalSection
	GlobalSection(SolutionProperties) = preSolution
		HideSolutionNode = FALSE
	EndGlobalSection
	GlobalSection(ExtensibilityGlobals) = postSolution
		SolutionGuid = {67D674CE-C252-41C8-9579-1B06612C9704}
	EndGlobalSection
EndGlobal
